
Microsoft Visual Studio Solution File, Format Version 12.00
# Visual Studio 15
VisualStudioVersion = 15.0.28307.1800
MinimumVisualStudioVersion = 10.0.40219.1
Project("{FAE04EC0-301F-11D3-BF4B-00C04F79EFBC}") = "RPA-HIGHQUALITY", "RPA-HIGHQUALITY\RPA-HIGHQUALITY.csproj", "{655D086B-6B1A-4698-A4FC-B237E152DE2A}"
EndProject
Global
	GlobalSection(SolutionConfigurationPlatforms) = preSolution
		Debug|Any CPU = Debug|Any CPU
		Release|Any CPU = Release|Any CPU
	EndGlobalSection
	GlobalSection(ProjectConfigurationPlatforms) = postSolution
		{655D086B-6B1A-4698-A4FC-B237E152DE2A}.Debug|Any CPU.ActiveCfg = Debug|Any CPU
		{655D086B-6B1A-4698-A4FC-B237E152DE2A}.Debug|Any CPU.Build.0 = Debug|Any CPU
		{655D086B-6B1A-4698-A4FC-B237E152DE2A}.Release|Any CPU.ActiveCfg = Release|Any CPU
		{655D086B-6B1A-4698-A4FC-B237E152DE2A}.Release|Any CPU.Build.0 = Release|Any CPU
	EndGlobalSection
	GlobalSection(SolutionProperties) = preSolution
		HideSolutionNode = FALSE
	EndGlobalSection
	GlobalSection(ExtensibilityGlobals) = postSolution
		SolutionGuid = {736F40F1-BFFA-43C4-8890-8CEA06486E34}
	EndGlobalSection
EndGlobal
